
Microsoft Visual Studio Solution File, Format Version 12.00
# Visual Studio Version 16
VisualStudioVersion = 16.0.29418.71
MinimumVisualStudioVersion = 10.0.40219.1
Project("{FAE04EC0-301F-11D3-BF4B-00C04F79EFBC}") = "JobTrackerV2", "JobTrackerV2\JobTrackerV2.csproj", "{72BB5B6D-90B3-49B7-85C4-24A083B4947F}"
EndProject
Global
	GlobalSection(SolutionConfigurationPlatforms) = preSolution
		Debug|Any CPU = Debug|Any CPU
		Release|Any CPU = Release|Any CPU
	EndGlobalSection
	GlobalSection(ProjectConfigurationPlatforms) = postSolution
		{72BB5B6D-90B3-49B7-85C4-24A083B4947F}.Debug|Any CPU.ActiveCfg = Debug|Any CPU
		{72BB5B6D-90B3-49B7-85C4-24A083B4947F}.Debug|Any CPU.Build.0 = Debug|Any CPU
		{72BB5B6D-90B3-49B7-85C4-24A083B4947F}.Release|Any CPU.ActiveCfg = Release|Any CPU
		{72BB5B6D-90B3-49B7-85C4-24A083B4947F}.Release|Any CPU.Build.0 = Release|Any CPU
	EndGlobalSection
	GlobalSection(SolutionProperties) = preSolution
		HideSolutionNode = FALSE
	EndGlobalSection
	GlobalSection(ExtensibilityGlobals) = postSolution
		SolutionGuid = {997CE52C-6DD3-4B27-BE50-00F07EF1F08A}
	EndGlobalSection
EndGlobal
